
Microsoft Visual Studio Solution File, Format Version 12.00
# Visual Studio 15
VisualStudioVersion = 15.0.27428.2002
MinimumVisualStudioVersion = 10.0.40219.1
Project("{FAE04EC0-301F-11D3-BF4B-00C04F79EFBC}") = "ProjectTeam08MovieTheater", "ProjectTeam08MovieTheater\ProjectTeam08MovieTheater.csproj", "{1AB57D05-F73F-48A3-B510-CFB84E24E9C0}"
EndProject
Project("{00D1A9C2-B5F0-4AF3-8072-F6C62B433612}") = "MovieTicketDB", "MovieTicketDB\MovieTicketDB.sqlproj", "{C5F7C4AD-EB07-4D47-952E-A47AC3ED09EC}"
EndProject
Global
	GlobalSection(SolutionConfigurationPlatforms) = preSolution
		Debug|Any CPU = Debug|Any CPU
		Release|Any CPU = Release|Any CPU
	EndGlobalSection
	GlobalSection(ProjectConfigurationPlatforms) = postSolution
		{1AB57D05-F73F-48A3-B510-CFB84E24E9C0}.Debug|Any CPU.ActiveCfg = Debug|Any CPU
		{1AB57D05-F73F-48A3-B510-CFB84E24E9C0}.Debug|Any CPU.Build.0 = Debug|Any CPU
		{1AB57D05-F73F-48A3-B510-CFB84E24E9C0}.Release|Any CPU.ActiveCfg = Release|Any CPU
		{1AB57D05-F73F-48A3-B510-CFB84E24E9C0}.Release|Any CPU.Build.0 = Release|Any CPU
		{C5F7C4AD-EB07-4D47-952E-A47AC3ED09EC}.Debug|Any CPU.ActiveCfg = Debug|Any CPU
		{C5F7C4AD-EB07-4D47-952E-A47AC3ED09EC}.Debug|Any CPU.Build.0 = Debug|Any CPU
		{C5F7C4AD-EB07-4D47-952E-A47AC3ED09EC}.Debug|Any CPU.Deploy.0 = Debug|Any CPU
		{C5F7C4AD-EB07-4D47-952E-A47AC3ED09EC}.Release|Any CPU.ActiveCfg = Release|Any CPU
		{C5F7C4AD-EB07-4D47-952E-A47AC3ED09EC}.Release|Any CPU.Build.0 = Release|Any CPU
		{C5F7C4AD-EB07-4D47-952E-A47AC3ED09EC}.Release|Any CPU.Deploy.0 = Release|Any CPU
	EndGlobalSection
	GlobalSection(SolutionProperties) = preSolution
		HideSolutionNode = FALSE
	EndGlobalSection
	GlobalSection(ExtensibilityGlobals) = postSolution
		SolutionGuid = {78A6DC68-694A-49C5-88FD-B2DB39ADD3A1}
	EndGlobalSection
EndGlobal
